// !$*UTF8*$!
{
	archiveVersion = 1;
	classes = {
	};
	objectVersion = 50;
	objects = {

/* Begin PBXBuildFile section */
		27CAAA29221D75DD002392D4 /* AppDelegate.swift in Sources */ = {isa = PBXBuildFile; fileRef = 27CAAA28221D75DD002392D4 /* AppDelegate.swift */; };
		27CAAA2B221D75DD002392D4 /* ViewController.swift in Sources */ = {isa = PBXBuildFile; fileRef = 27CAAA2A221D75DD002392D4 /* ViewController.swift */; };
		27CAAA2E221D75DD002392D4 /* Main.storyboard in Resources */ = {isa = PBXBuildFile; fileRef = 27CAAA2C221D75DD002392D4 /* Main.storyboard */; };
		27CAAA30221D75DE002392D4 /* Assets.xcassets in Resources */ = {isa = PBXBuildFile; fileRef = 27CAAA2F221D75DE002392D4 /* Assets.xcassets */; };
		27CAAA33221D75DE002392D4 /* LaunchScreen.storyboard in Resources */ = {isa = PBXBuildFile; fileRef = 27CAAA31221D75DE002392D4 /* LaunchScreen.storyboard */; };
		27CAAA3B221D761F002392D4 /* ApiController.swift in Sources */ = {isa = PBXBuildFile; fileRef = 27CAAA3A221D761F002392D4 /* ApiController.swift */; };
/* End PBXBuildFile section */

/* Begin PBXFileReference section */
		27CAAA25221D75DD002392D4 /* GuestBook.app */ = {isa = PBXFileReference; explicitFileType = wrapper.application; includeInIndex = 0; path = GuestBook.app; sourceTree = BUILT_PRODUCTS_DIR; };
		27CAAA28221D75DD002392D4 /* AppDelegate.swift */ = {isa = PBXFileReference; lastKnownFileType = sourcecode.swift; path = AppDelegate.swift; sourceTree = "<group>"; };
		27CAAA2A221D75DD002392D4 /* ViewController.swift */ = {isa = PBXFileReference; lastKnownFileType = sourcecode.swift; path = ViewController.swift; sourceTree = "<group>"; };
		27CAAA2D221D75DD002392D4 /* Base */ = {isa = PBXFileReference; lastKnownFileType = file.storyboard; name = Base; path = Base.lproj/Main.storyboard; sourceTree = "<group>"; };
		27CAAA2F221D75DE002392D4 /* Assets.xcassets */ = {isa = PBXFileReference; lastKnownFileType = folder.assetcatalog; path = Assets.xcassets; sourceTree = "<group>"; };
		27CAAA32221D75DE002392D4 /* Base */ = {isa = PBXFileReference; lastKnownFileType = file.storyboard; name = Base; path = Base.lproj/LaunchScreen.storyboard; sourceTree = "<group>"; };
		27CAAA34221D75DE002392D4 /* Info.plist */ = {isa = PBXFileReference; lastKnownFileType = text.plist.xml; path = Info.plist; sourceTree = "<group>"; };
		27CAAA3A221D761F002392D4 /* ApiController.swift */ = {isa = PBXFileReference; lastKnownFileType = sourcecode.swift; path = ApiController.swift; sourceTree = "<group>"; };
/* End PBXFileReference section */

/* Begin PBXFrameworksBuildPhase section */
		27CAAA22221D75DD002392D4 /* Frameworks */ = {
			isa = PBXFrameworksBuildPhase;
			buildActionMask = 2147483647;
			files = (
			);
			runOnlyForDeploymentPostprocessing = 0;
		};
/* End PBXFrameworksBuildPhase section */

/* Begin PBXGroup section */
		27CAAA1C221D75DD002392D4 = {
			isa = PBXGroup;
			children = (
				27CAAA27221D75DD002392D4 /* GuestBook */,
				27CAAA26221D75DD002392D4 /* Products */,
			);
			sourceTree = "<group>";
		};
		27CAAA26221D75DD002392D4 /* Products */ = {
			isa = PBXGroup;
			children = (
				27CAAA25221D75DD002392D4 /* GuestBook.app */,
			);
			name = Products;
			sourceTree = "<group>";
		};
		27CAAA27221D75DD002392D4 /* GuestBook */ = {
			isa = PBXGroup;
			children = (
				27CAAA28221D75DD002392D4 /* AppDelegate.swift */,
				27CAAA2A221D75DD002392D4 /* ViewController.swift */,
				27CAAA2C221D75DD002392D4 /* Main.storyboard */,
				27CAAA2F221D75DE002392D4 /* Assets.xcassets */,
				27CAAA31221D75DE002392D4 /* LaunchScreen.storyboard */,
				27CAAA34221D75DE002392D4 /* Info.plist */,
				27CAAA3A221D761F002392D4 /* ApiController.swift */,
			);
			path = GuestBook;
			sourceTree = "<group>";
		};
/* End PBXGroup section */

/* Begin PBXNativeTarget section */
		27CAAA24221D75DD002392D4 /* GuestBook */ = {
			isa = PBXNativeTarget;
			buildConfigurationList = 27CAAA37221D75DE002392D4 /* Build configuration list for PBXNativeTarget "GuestBook" */;
			buildPhases = (
				27CAAA21221D75DD002392D4 /* Sources */,
				27CAAA22221D75DD002392D4 /* Frameworks */,
				27CAAA23221D75DD002392D4 /* Resources */,
			);
			buildRules = (
			);
			dependencies = (
			);
			name = GuestBook;
			productName = GuestBook;
			productReference = 27CAAA25221D75DD002392D4 /* GuestBook.app */;
			productType = "com.apple.product-type.application";
		};
/* End PBXNativeTarget section */

/* Begin PBXProject section */
		27CAAA1D221D75DD002392D4 /* Project object */ = {
			isa = PBXProject;
			attributes = {
				LastSwiftUpdateCheck = 1010;
				LastUpgradeCheck = 1340;
				ORGANIZATIONNAME = "Elliot Adderton";
				TargetAttributes = {
					27CAAA24221D75DD002392D4 = {
						CreatedOnToolsVersion = 10.1;
						LastSwiftMigration = 1340;
					};
				};
			};
			buildConfigurationList = 27CAAA20221D75DD002392D4 /* Build configuration list for PBXProject "GuestBook" */;
			compatibilityVersion = "Xcode 9.3";
			developmentRegion = en;
			hasScannedForEncodings = 0;
			knownRegions = (
				en,
				Base,
			);
			mainGroup = 27CAAA1C221D75DD002392D4;
			productRefGroup = 27CAAA26221D75DD002392D4 /* Products */;
			projectDirPath = "";
			projectRoot = "";
			targets = (
				27CAAA24221D75DD002392D4 /* GuestBook */,
			);
		};
/* End PBXProject section */

/* Begin PBXResourcesBuildPhase section */
		27CAAA23221D75DD002392D4 /* Resources */ = {
			isa = PBXResourcesBuildPhase;
			buildActionMask = 2147483647;
			files = (
				27CAAA33221D75DE002392D4 /* LaunchScreen.storyboard in Resources */,
				27CAAA30221D75DE002392D4 /* Assets.xcassets in Resources */,
				27CAAA2E221D75DD002392D4 /* Main.storyboard in Resources */,
			);
			runOnlyForDeploymentPostprocessing = 0;
		};
/* End PBXResourcesBuildPhase section */

/* Begin PBXSourcesBuildPhase section */
		27CAAA21221D75DD002392D4 /* Sources */ = {
			isa = PBXSourcesBuildPhase;
			buildActionMask = 2147483647;
			files = (
				27CAAA2B221D75DD002392D4 /* ViewController.swift in Sources */,
				27CAAA29221D75DD002392D4 /* AppDelegate.swift in Sources */,
				27CAAA3B221D761F002392D4 /* ApiController.swift in Sources */,
			);
			runOnlyForDeploymentPostprocessing = 0;
		};
/* End PBXSourcesBuildPhase section */

/* Begin PBXVariantGroup section */
		27CAAA2C221D75DD002392D4 /* Main.storyboard */ = {
			isa = PBXVariantGroup;
			children = (
				27CAAA2D221D75DD002392D4 /* Base */,
			);
			name = Main.storyboard;
			sourceTree = "<group>";
		};
		27CAAA31221D75DE002392D4 /* LaunchScreen.storyboard */ = {
			isa = PBXVariantGroup;
			children = (
				27CAAA32221D75DE002392D4 /* Base */,
			);
			name = LaunchScreen.storyboard;
			sourceTree = "<group>";
		};
/* End PBXVariantGroup section */

/* Begin XCBuildConfiguration section */
		27CAAA35221D75DE002392D4 /* Debug */ = {
			isa = XCBuildConfiguration;
			buildSettings = {
				ALWAYS_SEARCH_USER_PATHS = NO;
				CLANG_ANALYZER_NONNULL = YES;
				CLANG_ANALYZER_NUMBER_OBJECT_CONVERSION = YES_AGGRESSIVE;
				CLANG_CXX_LANGUAGE_STANDARD = "gnu++14";
				CLANG_CXX_LIBRARY = "libc++";
				CLANG_ENABLE_MODULES = YES;
				CLANG_ENABLE_OBJC_ARC = YES;
				CLANG_ENABLE_OBJC_WEAK = YES;
				CLANG_WARN_BLOCK_CAPTURE_AUTORELEASING = YES;
				CLANG_WARN_BOOL_CONVERSION = YES;
				CLANG_WARN_COMMA = YES;
				CLANG_WARN_CONSTANT_CONVERSION = YES;
				CLANG_WARN_DEPRECATED_OBJC_IMPLEMENTATIONS = YES;
				CLANG_WARN_DIRECT_OBJC_ISA_USAGE = YES_ERROR;
				CLANG_WARN_DOCUMENTATION_COMMENTS = YES;
				CLANG_WARN_EMPTY_BODY = YES;
				CLANG_WARN_ENUM_CONVERSION = YES;
				CLANG_WARN_INFINITE_RECURSION = YES;
				CLANG_WARN_INT_CONVERSION = YES;
				CLANG_WARN_NON_LITERAL_NULL_CONVERSION = YES;
				CLANG_WARN_OBJC_IMPLICIT_RETAIN_SELF = YES;
				CLANG_WARN_OBJC_LITERAL_CONVERSION = YES;
				CLANG_WARN_OBJC_ROOT_CLASS = YES_ERROR;
				CLANG_WARN_QUOTED_INCLUDE_IN_FRAMEWORK_HEADER = YES;
				CLANG_WARN_RANGE_LOOP_ANALYSIS = YES;
				CLANG_WARN_STRICT_PROTOTYPES = YES;
				CLANG_WARN_SUSPICIOUS_MOVE = YES;
				CLANG_WARN_UNGUARDED_AVAILABILITY = YES_AGGRESSIVE;
				CLANG_WARN_UNREACHABLE_CODE = YES;
				CLANG_WARN__DUPLICATE_METHOD_MATCH = YES;
				CODE_SIGN_IDENTITY = "iPhone Developer";
				COPY_PHASE_STRIP = NO;
				DEBUG_INFORMATION_FORMAT = dwarf;
				ENABLE_STRICT_OBJC_MSGSEND = YES;
				ENABLE_TESTABILITY = YES;
				GCC_C_LANGUAGE_STANDARD = gnu11;
				GCC_DYNAMIC_NO_PIC = NO;
				GCC_NO_COMMON_BLOCKS = YES;
				GCC_OPTIMIZATION_LEVEL = 0;
				GCC_PREPROCESSOR_DEFINITIONS = (
					"DEBUG=1",
					"$(inherited)",
				);
				GCC_WARN_64_TO_32_BIT_CONVERSION = YES;
				GCC_WARN_ABOUT_RETURN_TYPE = YES_ERROR;
				GCC_WARN_UNDECLARED_SELECTOR = YES;
				GCC_WARN_UNINITIALIZED_AUTOS = YES_AGGRESSIVE;
				GCC_WARN_UNUSED_FUNCTION = YES;
				GCC_WARN_UNUSED_VARIABLE = YES;
				IPHONEOS_DEPLOYMENT_TARGET = 15.0;
				MTL_ENABLE_DEBUG_INFO = INCLUDE_SOURCE;
				MTL_FAST_MATH = YES;
				ONLY_ACTIVE_ARCH = YES;
				SDKROOT = iphoneos;
				SWIFT_ACTIVE_COMPILATION_CONDITIONS = DEBUG;
				SWIFT_OPTIMIZATION_LEVEL = "-Onone";
			};
			name = Debug;
		};
		27CAAA36221D75DE002392D4 /* Release */ = {
			isa = XCBuildConfiguration;
			buildSettings = {
				ALWAYS_SEARCH_USER_PATHS = NO;
				CLANG_ANALYZER_NONNULL = YES;
				CLANG_ANALYZER_NUMBER_OBJECT_CONVERSION = YES_AGGRESSIVE;
				CLANG_CXX_LANGUAGE_STANDARD = "gnu++14";
				CLANG_CXX_LIBRARY = "libc++";
				CLANG_ENABLE_MODULES = YES;
				CLANG_ENABLE_OBJC_ARC = YES;
				CLANG_ENABLE_OBJC_WEAK = YES;
				CLANG_WARN_BLOCK_CAPTURE_AUTORELEASING = YES;
				CLANG_WARN_BOOL_CONVERSION = YES;
				CLANG_WARN_COMMA = YES;
				CLANG_WARN_CONSTANT_CONVERSION = YES;
				CLANG_WARN_DEPRECATED_OBJC_IMPLEMENTATIONS = YES;
				CLANG_WARN_DIRECT_OBJC_ISA_USAGE = YES_ERROR;
				CLANG_WARN_DOCUMENTATION_COMMENTS = YES;
				CLANG_WARN_EMPTY_BODY = YES;
				CLANG_WARN_ENUM_CONVERSION = YES;
				CLANG_WARN_INFINITE_RECURSION = YES;
				CLANG_WARN_INT_CONVERSION = YES;
				CLANG_WARN_NON_LITERAL_NULL_CONVERSION = YES;
				CLANG_WARN_OBJC_IMPLICIT_RETAIN_SELF = YES;
				CLANG_WARN_OBJC_LITERAL_CONVERSION = YES;
				CLANG_WARN_OBJC_ROOT_CLASS = YES_ERROR;
				CLANG_WARN_QUOTED_INCLUDE_IN_FRAMEWORK_HEADER = YES;
				CLANG_WARN_RANGE_LOOP_ANALYSIS = YES;
				CLANG_WARN_STRICT_PROTOTYPES = YES;
				CLANG_WARN_SUSPICIOUS_MOVE = YES;
				CLANG_WARN_UNGUARDED_AVAILABILITY = YES_AGGRESSIVE;
				CLANG_WARN_UNREACHABLE_CODE = YES;
				CLANG_WARN__DUPLICATE_METHOD_MATCH = YES;
				CODE_SIGN_IDENTITY = "iPhone Developer";
				COPY_PHASE_STRIP = NO;
				DEBUG_INFORMATION_FORMAT = "dwarf-with-dsym";
				ENABLE_NS_ASSERTIONS = NO;
				ENABLE_STRICT_OBJC_MSGSEND = YES;
				GCC_C_LANGUAGE_STANDARD = gnu11;
				GCC_NO_COMMON_BLOCKS = YES;
				GCC_WARN_64_TO_32_BIT_CONVERSION = YES;
				GCC_WARN_ABOUT_RETURN_TYPE = YES_ERROR;
				GCC_WARN_UNDECLARED_SELECTOR = YES;
				GCC_WARN_UNINITIALIZED_AUTOS = YES_AGGRESSIVE;
				GCC_WARN_UNUSED_FUNCTION = YES;
				GCC_WARN_UNUSED_VARIABLE = YES;
				IPHONEOS_DEPLOYMENT_TARGET = 15.0;
				MTL_ENABLE_DEBUG_INFO = NO;
				MTL_FAST_MATH = YES;
				SDKROOT = iphoneos;
				SWIFT_COMPILATION_MODE = wholemodule;
				SWIFT_OPTIMIZATION_LEVEL = "-O";
				VALIDATE_PRODUCT = YES;
			};
			name = Release;
		};
		27CAAA38221D75DE002392D4 /* Debug */ = {
			isa = XCBuildConfiguration;
			buildSettings = {
				ASSETCATALOG_COMPILER_APPICON_NAME = AppIcon;
				CODE_SIGN_STYLE = Automatic;
				DEVELOPMENT_TEAM = CXQV2G78B9;
				INFOPLIST_FILE = GuestBook/Info.plist;
				LD_RUNPATH_SEARCH_PATHS = (
					"$(inherited)",
					"@executable_path/Frameworks",
				);
				PRODUCT_BUNDLE_IDENTIFIER = uk.ac.liverpool.csc.2018.comp228.GuestBook;
				PRODUCT_NAME = "$(TARGET_NAME)";
				SWIFT_VERSION = 5.0;
				TARGETED_DEVICE_FAMILY = "1,2";
			};
			name = Debug;
		};
		27CAAA39221D75DE002392D4 /* Release */ = {
			isa = XCBuildConfiguration;
			buildSettings = {
				ASSETCATALOG_COMPILER_APPICON_NAME = AppIcon;
				CODE_SIGN_STYLE = Automatic;
				DEVELOPMENT_TEAM = CXQV2G78B9;
				INFOPLIST_FILE = GuestBook/Info.plist;
				LD_RUNPATH_SEARCH_PATHS = (
					"$(inherited)",
					"@executable_path/Frameworks",
				);
				PRODUCT_BUNDLE_IDENTIFIER = uk.ac.liverpool.csc.2018.comp228.GuestBook;
				PRODUCT_NAME = "$(TARGET_NAME)";
				SWIFT_VERSION = 5.0;
				TARGETED_DEVICE_FAMILY = "1,2";
			};
			name = Release;
		};
/* End XCBuildConfiguration section */

/* Begin XCConfigurationList section */
		27CAAA20221D75DD002392D4 /* Build configuration list for PBXProject "GuestBook" */ = {
			isa = XCConfigurationList;
			buildConfigurations = (
				27CAAA35221D75DE002392D4 /* Debug */,
				27CAAA36221D75DE002392D4 /* Release */,
			);
			defaultConfigurationIsVisible = 0;
			defaultConfigurationName = Release;
		};
		27CAAA37221D75DE002392D4 /* Build configuration list for PBXNativeTarget "GuestBook" */ = {
			isa = XCConfigurationList;
			buildConfigurations = (
				27CAAA38221D75DE002392D4 /* Debug */,
				27CAAA39221D75DE002392D4 /* Release */,
			);
			defaultConfigurationIsVisible = 0;
			defaultConfigurationName = Release;
		};
/* End XCConfigurationList section */
	};
	rootObject = 27CAAA1D221D75DD002392D4 /* Project object */;
}
